
Microsoft Visual Studio Solution File, Format Version 12.00
# Visual Studio Version 17
VisualStudioVersion = 17.9.34902.65
MinimumVisualStudioVersion = 10.0.40219.1
Project("{FAE04EC0-301F-11D3-BF4B-00C04F79EFBC}") = "WpfItemControlsApp", "WpfItemControlsApp\WpfItemControlsApp.csproj", "{3594C07C-10B2-4036-BAC0-3ACE4F05043E}"
EndProject
Global
	GlobalSection(SolutionConfigurationPlatforms) = preSolution
		Debug|Any CPU = Debug|Any CPU
		Release|Any CPU = Release|Any CPU
	EndGlobalSection
	GlobalSection(ProjectConfigurationPlatforms) = postSolution
		{3594C07C-10B2-4036-BAC0-3ACE4F05043E}.Debug|Any CPU.ActiveCfg = Debug|Any CPU
		{3594C07C-10B2-4036-BAC0-3ACE4F05043E}.Debug|Any CPU.Build.0 = Debug|Any CPU
		{3594C07C-10B2-4036-BAC0-3ACE4F05043E}.Release|Any CPU.ActiveCfg = Release|Any CPU
		{3594C07C-10B2-4036-BAC0-3ACE4F05043E}.Release|Any CPU.Build.0 = Release|Any CPU
	EndGlobalSection
	GlobalSection(SolutionProperties) = preSolution
		HideSolutionNode = FALSE
	EndGlobalSection
	GlobalSection(ExtensibilityGlobals) = postSolution
		SolutionGuid = {793B20EF-1032-4AB6-8F08-7D98316C1534}
	EndGlobalSection
EndGlobal
